
Microsoft Visual Studio Solution File, Format Version 12.00
# Visual Studio 2013
VisualStudioVersion = 12.0.40629.0
MinimumVisualStudioVersion = 10.0.40219.1
Project("{FAE04EC0-301F-11D3-BF4B-00C04F79EFBC}") = "Bam", "Bam\Bam.csproj", "{261CF4FA-E83C-4FED-A6B6-BFAC814DEB57}"
EndProject
Project("{FAE04EC0-301F-11D3-BF4B-00C04F79EFBC}") = "Bam.Core", "Bam.Core\Bam.Core.csproj", "{273159D1-E0F0-48E5-8B45-B8BC6B5617F0}"
EndProject
Project("{2150E333-8FDC-42A3-9474-1A3956D46DE8}") = "Common", "Common", "{2DA8001E-B419-44B4-BC51-7E0651EFCC72}"
	ProjectSection(SolutionItems) = preProject
		Common\BuildAMation.snk = Common\BuildAMation.snk
		Common\CommonAssemblyInfo.cs = Common\CommonAssemblyInfo.cs
	EndProjectSection
EndProject
Project("{FAE04EC0-301F-11D3-BF4B-00C04F79EFBC}") = "Bam.Core.Test", "Bam.Core.Test\Bam.Core.Test.csproj", "{691B4CC1-2BAD-403F-BEC0-CFC835018783}"
EndProject
Project("{2150E333-8FDC-42A3-9474-1A3956D46DE8}") = ".nuget", ".nuget", "{F8C82280-5807-4B8C-8E14-371C7ABED047}"
	ProjectSection(SolutionItems) = preProject
		.nuget\packages.config = .nuget\packages.config
	EndProjectSection
EndProject
Global
	GlobalSection(SolutionConfigurationPlatforms) = preSolution
		Debug|Any CPU = Debug|Any CPU
		Release|Any CPU = Release|Any CPU
	EndGlobalSection
	GlobalSection(ProjectConfigurationPlatforms) = postSolution
		{261CF4FA-E83C-4FED-A6B6-BFAC814DEB57}.Debug|Any CPU.ActiveCfg = Debug|Any CPU
		{261CF4FA-E83C-4FED-A6B6-BFAC814DEB57}.Debug|Any CPU.Build.0 = Debug|Any CPU
		{261CF4FA-E83C-4FED-A6B6-BFAC814DEB57}.Release|Any CPU.ActiveCfg = Release|Any CPU
		{261CF4FA-E83C-4FED-A6B6-BFAC814DEB57}.Release|Any CPU.Build.0 = Release|Any CPU
		{273159D1-E0F0-48E5-8B45-B8BC6B5617F0}.Debug|Any CPU.ActiveCfg = Debug|Any CPU
		{273159D1-E0F0-48E5-8B45-B8BC6B5617F0}.Debug|Any CPU.Build.0 = Debug|Any CPU
		{273159D1-E0F0-48E5-8B45-B8BC6B5617F0}.Release|Any CPU.ActiveCfg = Release|Any CPU
		{273159D1-E0F0-48E5-8B45-B8BC6B5617F0}.Release|Any CPU.Build.0 = Release|Any CPU
		{691B4CC1-2BAD-403F-BEC0-CFC835018783}.Debug|Any CPU.ActiveCfg = Debug|Any CPU
		{691B4CC1-2BAD-403F-BEC0-CFC835018783}.Debug|Any CPU.Build.0 = Debug|Any CPU
		{691B4CC1-2BAD-403F-BEC0-CFC835018783}.Release|Any CPU.ActiveCfg = Release|Any CPU
		{691B4CC1-2BAD-403F-BEC0-CFC835018783}.Release|Any CPU.Build.0 = Release|Any CPU
	EndGlobalSection
	GlobalSection(SolutionProperties) = preSolution
		HideSolutionNode = FALSE
	EndGlobalSection
EndGlobal
